
Microsoft Visual Studio Solution File, Format Version 12.00
# Visual Studio Version 17
VisualStudioVersion = 17.11.35303.130
MinimumVisualStudioVersion = 10.0.40219.1
Project("{2150E333-8FDC-42A3-9474-1A3956D46DE8}") = "Task0", "Task0", "{5F181F7D-D25F-4E51-8705-8BC71C8CA50C}"
EndProject
Project("{9A19103F-16F7-4668-BE54-9A1E7A4F7556}") = "Tyuiu.SafonovRV.Sprint5.Task0.V13", "Tyuiu.SafonovRV.Sprint5.Task0.V13\Tyuiu.SafonovRV.Sprint5.Task0.V13.csproj", "{659BE0C5-CD78-41AA-B599-262FDFB4E7A7}"
EndProject
Project("{9A19103F-16F7-4668-BE54-9A1E7A4F7556}") = "Tyuiu.SafonovRV.Sprint5.Task0.V13.Lib", "Tyuiu.SafonovRV.Sprint5.Task0.V13.Lib\Tyuiu.SafonovRV.Sprint5.Task0.V13.Lib.csproj", "{38598573-1FF2-45FA-AABC-D4EC0C604280}"
EndProject
Project("{9A19103F-16F7-4668-BE54-9A1E7A4F7556}") = "Tyuiu.SafonovRV.Sprint5.Task0.V13.Test", "Tyuiu.SafonovRV.Sprint5.Task0.V13.Test\Tyuiu.SafonovRV.Sprint5.Task0.V13.Test.csproj", "{F878CE27-E18E-4883-87CA-7B5D00B4733B}"
EndProject
Project("{2150E333-8FDC-42A3-9474-1A3956D46DE8}") = "Task1", "Task1", "{A7FFFE72-4A24-4636-BD90-55AD1DE8C6BE}"
EndProject
Project("{9A19103F-16F7-4668-BE54-9A1E7A4F7556}") = "Tyuiu.SafonovRV.Sprint5.Task1.V1", "Tyuiu.SafonovRV.Sprint5.Task1.V1\Tyuiu.SafonovRV.Sprint5.Task1.V1.csproj", "{24586583-EA46-4317-A685-F8B6D3401DDD}"
EndProject
Project("{9A19103F-16F7-4668-BE54-9A1E7A4F7556}") = "Tyuiu.SafonovRV.Sprint5.Task1.V1.Lib", "Tyuiu.SafonovRV.Sprint5.Task1.V1.Lib\Tyuiu.SafonovRV.Sprint5.Task1.V1.Lib.csproj", "{F2981D43-3031-4C34-8A55-F0CE78426D33}"
EndProject
Project("{9A19103F-16F7-4668-BE54-9A1E7A4F7556}") = "Tyuiu.SafonovRV.Sprint5.Task1.V1.Test", "Tyuiu.SafonovRV.Sprint5.Task1.V1.Test\Tyuiu.SafonovRV.Sprint5.Task1.V1.Test.csproj", "{438E8196-1DAE-4D13-94ED-78858D11AD3D}"
EndProject
Project("{2150E333-8FDC-42A3-9474-1A3956D46DE8}") = "Task2", "Task2", "{E2285DCD-07A4-4F71-8A8D-8EA43D1900FA}"
EndProject
Project("{9A19103F-16F7-4668-BE54-9A1E7A4F7556}") = "Tyuiu.SafonovRV.Sprint5.Task2.V5", "Tyuiu.SafonovRV.Sprint5.Task2.V5\Tyuiu.SafonovRV.Sprint5.Task2.V5.csproj", "{42646832-6AD2-4F44-ADDE-BA38442D38AB}"
EndProject
Project("{9A19103F-16F7-4668-BE54-9A1E7A4F7556}") = "Tyuiu.SafonovRV.Sprint5.Task2.V5.Lib", "Tyuiu.SafonovRV.Sprint5.Task2.V5.Lib\Tyuiu.SafonovRV.Sprint5.Task2.V5.Lib.csproj", "{4EF0C801-3C3F-4515-AEC8-1816CCF41F62}"
EndProject
Project("{9A19103F-16F7-4668-BE54-9A1E7A4F7556}") = "Tyuiu.SafonovRV.Sprint5.Task2.V5.Test", "Tyuiu.SafonovRV.Sprint5.Task2.V5.Test\Tyuiu.SafonovRV.Sprint5.Task2.V5.Test.csproj", "{F7451D04-A1BB-4B67-B16E-2A96D8E7B2AA}"
EndProject
Project("{2150E333-8FDC-42A3-9474-1A3956D46DE8}") = "Task3", "Task3", "{952950B0-B364-4E66-B5EA-2BED6F43D5CC}"
EndProject
Project("{9A19103F-16F7-4668-BE54-9A1E7A4F7556}") = "Tyuiu.SafonovRV.Sprint5.Task3.V18", "Tyuiu.SafonovRV.Sprint5.Task3.V18\Tyuiu.SafonovRV.Sprint5.Task3.V18.csproj", "{7D9B1F60-F186-47ED-A7D0-D028C1C806E2}"
EndProject
Project("{9A19103F-16F7-4668-BE54-9A1E7A4F7556}") = "Tyuiu.SafonovRV.Sprint5.Task3.V18.Lib", "Tyuiu.SafonovRV.Sprint5.Task3.V18.Lib\Tyuiu.SafonovRV.Sprint5.Task3.V18.Lib.csproj", "{FF9F7A85-20E6-4445-93F1-D43CEB11977A}"
EndProject
Project("{9A19103F-16F7-4668-BE54-9A1E7A4F7556}") = "Tyuiu.SafonovRV.Sprint5.Task3.V18.Test", "Tyuiu.SafonovRV.Sprint5.Task3.V18.Test\Tyuiu.SafonovRV.Sprint5.Task3.V18.Test.csproj", "{FF8D581B-8C05-46F1-8138-E16168155E9E}"
EndProject
Project("{2150E333-8FDC-42A3-9474-1A3956D46DE8}") = "Task4", "Task4", "{C7E5B9A4-751F-4FAF-933C-1B5D6DCA19DF}"
EndProject
Project("{9A19103F-16F7-4668-BE54-9A1E7A4F7556}") = "Tyuiu.SafonovRV.Sprint5.Task4.V5", "Tyuiu.SafonovRV.Sprint5.Task4.V5\Tyuiu.SafonovRV.Sprint5.Task4.V5.csproj", "{D09CA322-19A8-4847-AC6E-A199067FB3E1}"
EndProject
Project("{9A19103F-16F7-4668-BE54-9A1E7A4F7556}") = "Tyuiu.SafonovRV.Sprint5.Task4.V5.Lib", "Tyuiu.SafonovRV.Sprint5.Task4.V5.Lib\Tyuiu.SafonovRV.Sprint5.Task4.V5.Lib.csproj", "{29EB4622-A63F-4598-9596-FF0EBE22D6C0}"
EndProject
Project("{9A19103F-16F7-4668-BE54-9A1E7A4F7556}") = "Tyuiu.SafonovRV.Sprint5.Task4.V5.Test", "Tyuiu.SafonovRV.Sprint5.Task4.V5.Test\Tyuiu.SafonovRV.Sprint5.Task4.V5.Test.csproj", "{1E0DB0CA-4CB9-49BE-BCAB-90CD06B15C72}"
EndProject
Project("{2150E333-8FDC-42A3-9474-1A3956D46DE8}") = "Task5", "Task5", "{9D98C8E1-2F63-4E47-8885-B0C3A91DAC24}"
EndProject
Project("{2150E333-8FDC-42A3-9474-1A3956D46DE8}") = "Task6", "Task6", "{02F3C32C-9C25-43BD-A12F-F297BD5CB809}"
EndProject
Project("{FAE04EC0-301F-11D3-BF4B-00C04F79EFBC}") = "Tyuiu.SafonovRV.Sprint5.Task6.V1", "Tyuiu.SafonovRV.Sprint5.Task6.V1\Tyuiu.SafonovRV.Sprint5.Task6.V1.csproj", "{8BFEB84E-1549-45BC-A770-BBE6C49E4B18}"
EndProject
Project("{FAE04EC0-301F-11D3-BF4B-00C04F79EFBC}") = "Tyuiu.SafonovRV.Sprint5.Task6.V1.Lib", "Tyuiu.SafonovRV.Sprint5.Task6.V1.Lib\Tyuiu.SafonovRV.Sprint5.Task6.V1.Lib.csproj", "{CB126EC8-7571-4BFE-BC9F-20932117293E}"
EndProject
Project("{FAE04EC0-301F-11D3-BF4B-00C04F79EFBC}") = "Tyuiu.SafonovRV.Sprint5.Task6.V1.Test", "Tyuiu.SafonovRV.Sprint5.Task6.V1.Test\Tyuiu.SafonovRV.Sprint5.Task6.V1.Test.csproj", "{0CA12F7A-4EB6-4B97-8687-DF370D5EA92E}"
EndProject
Global
	GlobalSection(SolutionConfigurationPlatforms) = preSolution
		Debug|Any CPU = Debug|Any CPU
		Release|Any CPU = Release|Any CPU
	EndGlobalSection
	GlobalSection(ProjectConfigurationPlatforms) = postSolution
		{659BE0C5-CD78-41AA-B599-262FDFB4E7A7}.Debug|Any CPU.ActiveCfg = Debug|Any CPU
		{659BE0C5-CD78-41AA-B599-262FDFB4E7A7}.Debug|Any CPU.Build.0 = Debug|Any CPU
		{659BE0C5-CD78-41AA-B599-262FDFB4E7A7}.Release|Any CPU.ActiveCfg = Release|Any CPU
		{659BE0C5-CD78-41AA-B599-262FDFB4E7A7}.Release|Any CPU.Build.0 = Release|Any CPU
		{38598573-1FF2-45FA-AABC-D4EC0C604280}.Debug|Any CPU.ActiveCfg = Debug|Any CPU
		{38598573-1FF2-45FA-AABC-D4EC0C604280}.Debug|Any CPU.Build.0 = Debug|Any CPU
		{38598573-1FF2-45FA-AABC-D4EC0C604280}.Release|Any CPU.ActiveCfg = Release|Any CPU
		{38598573-1FF2-45FA-AABC-D4EC0C604280}.Release|Any CPU.Build.0 = Release|Any CPU
		{F878CE27-E18E-4883-87CA-7B5D00B4733B}.Debug|Any CPU.ActiveCfg = Debug|Any CPU
		{F878CE27-E18E-4883-87CA-7B5D00B4733B}.Debug|Any CPU.Build.0 = Debug|Any CPU
		{F878CE27-E18E-4883-87CA-7B5D00B4733B}.Release|Any CPU.ActiveCfg = Release|Any CPU
		{F878CE27-E18E-4883-87CA-7B5D00B4733B}.Release|Any CPU.Build.0 = Release|Any CPU
		{24586583-EA46-4317-A685-F8B6D3401DDD}.Debug|Any CPU.ActiveCfg = Debug|Any CPU
		{24586583-EA46-4317-A685-F8B6D3401DDD}.Debug|Any CPU.Build.0 = Debug|Any CPU
		{24586583-EA46-4317-A685-F8B6D3401DDD}.Release|Any CPU.ActiveCfg = Release|Any CPU
		{24586583-EA46-4317-A685-F8B6D3401DDD}.Release|Any CPU.Build.0 = Release|Any CPU
		{F2981D43-3031-4C34-8A55-F0CE78426D33}.Debug|Any CPU.ActiveCfg = Debug|Any CPU
		{F2981D43-3031-4C34-8A55-F0CE78426D33}.Debug|Any CPU.Build.0 = Debug|Any CPU
		{F2981D43-3031-4C34-8A55-F0CE78426D33}.Release|Any CPU.ActiveCfg = Release|Any CPU
		{F2981D43-3031-4C34-8A55-F0CE78426D33}.Release|Any CPU.Build.0 = Release|Any CPU
		{438E8196-1DAE-4D13-94ED-78858D11AD3D}.Debug|Any CPU.ActiveCfg = Debug|Any CPU
		{438E8196-1DAE-4D13-94ED-78858D11AD3D}.Debug|Any CPU.Build.0 = Debug|Any CPU
		{438E8196-1DAE-4D13-94ED-78858D11AD3D}.Release|Any CPU.ActiveCfg = Release|Any CPU
		{438E8196-1DAE-4D13-94ED-78858D11AD3D}.Release|Any CPU.Build.0 = Release|Any CPU
		{42646832-6AD2-4F44-ADDE-BA38442D38AB}.Debug|Any CPU.ActiveCfg = Debug|Any CPU
		{42646832-6AD2-4F44-ADDE-BA38442D38AB}.Debug|Any CPU.Build.0 = Debug|Any CPU
		{42646832-6AD2-4F44-ADDE-BA38442D38AB}.Release|Any CPU.ActiveCfg = Release|Any CPU
		{42646832-6AD2-4F44-ADDE-BA38442D38AB}.Release|Any CPU.Build.0 = Release|Any CPU
		{4EF0C801-3C3F-4515-AEC8-1816CCF41F62}.Debug|Any CPU.ActiveCfg = Debug|Any CPU
		{4EF0C801-3C3F-4515-AEC8-1816CCF41F62}.Debug|Any CPU.Build.0 = Debug|Any CPU
		{4EF0C801-3C3F-4515-AEC8-1816CCF41F62}.Release|Any CPU.ActiveCfg = Release|Any CPU
		{4EF0C801-3C3F-4515-AEC8-1816CCF41F62}.Release|Any CPU.Build.0 = Release|Any CPU
		{F7451D04-A1BB-4B67-B16E-2A96D8E7B2AA}.Debug|Any CPU.ActiveCfg = Debug|Any CPU
		{F7451D04-A1BB-4B67-B16E-2A96D8E7B2AA}.Debug|Any CPU.Build.0 = Debug|Any CPU
		{F7451D04-A1BB-4B67-B16E-2A96D8E7B2AA}.Release|Any CPU.ActiveCfg = Release|Any CPU
		{F7451D04-A1BB-4B67-B16E-2A96D8E7B2AA}.Release|Any CPU.Build.0 = Release|Any CPU
		{7D9B1F60-F186-47ED-A7D0-D028C1C806E2}.Debug|Any CPU.ActiveCfg = Debug|Any CPU
		{7D9B1F60-F186-47ED-A7D0-D028C1C806E2}.Debug|Any CPU.Build.0 = Debug|Any CPU
		{7D9B1F60-F186-47ED-A7D0-D028C1C806E2}.Release|Any CPU.ActiveCfg = Release|Any CPU
		{7D9B1F60-F186-47ED-A7D0-D028C1C806E2}.Release|Any CPU.Build.0 = Release|Any CPU
		{FF9F7A85-20E6-4445-93F1-D43CEB11977A}.Debug|Any CPU.ActiveCfg = Debug|Any CPU
		{FF9F7A85-20E6-4445-93F1-D43CEB11977A}.Debug|Any CPU.Build.0 = Debug|Any CPU
		{FF9F7A85-20E6-4445-93F1-D43CEB11977A}.Release|Any CPU.ActiveCfg = Release|Any CPU
		{FF9F7A85-20E6-4445-93F1-D43CEB11977A}.Release|Any CPU.Build.0 = Release|Any CPU
		{FF8D581B-8C05-46F1-8138-E16168155E9E}.Debug|Any CPU.ActiveCfg = Debug|Any CPU
		{FF8D581B-8C05-46F1-8138-E16168155E9E}.Debug|Any CPU.Build.0 = Debug|Any CPU
		{FF8D581B-8C05-46F1-8138-E16168155E9E}.Release|Any CPU.ActiveCfg = Release|Any CPU
		{FF8D581B-8C05-46F1-8138-E16168155E9E}.Release|Any CPU.Build.0 = Release|Any CPU
		{D09CA322-19A8-4847-AC6E-A199067FB3E1}.Debug|Any CPU.ActiveCfg = Debug|Any CPU
		{D09CA322-19A8-4847-AC6E-A199067FB3E1}.Debug|Any CPU.Build.0 = Debug|Any CPU
		{D09CA322-19A8-4847-AC6E-A199067FB3E1}.Release|Any CPU.ActiveCfg = Release|Any CPU
		{D09CA322-19A8-4847-AC6E-A199067FB3E1}.Release|Any CPU.Build.0 = Release|Any CPU
		{29EB4622-A63F-4598-9596-FF0EBE22D6C0}.Debug|Any CPU.ActiveCfg = Debug|Any CPU
		{29EB4622-A63F-4598-9596-FF0EBE22D6C0}.Debug|Any CPU.Build.0 = Debug|Any CPU
		{29EB4622-A63F-4598-9596-FF0EBE22D6C0}.Release|Any CPU.ActiveCfg = Release|Any CPU
		{29EB4622-A63F-4598-9596-FF0EBE22D6C0}.Release|Any CPU.Build.0 = Release|Any CPU
		{1E0DB0CA-4CB9-49BE-BCAB-90CD06B15C72}.Debug|Any CPU.ActiveCfg = Debug|Any CPU
		{1E0DB0CA-4CB9-49BE-BCAB-90CD06B15C72}.Debug|Any CPU.Build.0 = Debug|Any CPU
		{1E0DB0CA-4CB9-49BE-BCAB-90CD06B15C72}.Release|Any CPU.ActiveCfg = Release|Any CPU
		{1E0DB0CA-4CB9-49BE-BCAB-90CD06B15C72}.Release|Any CPU.Build.0 = Release|Any CPU
		{8BFEB84E-1549-45BC-A770-BBE6C49E4B18}.Debug|Any CPU.ActiveCfg = Debug|Any CPU
		{8BFEB84E-1549-45BC-A770-BBE6C49E4B18}.Debug|Any CPU.Build.0 = Debug|Any CPU
		{8BFEB84E-1549-45BC-A770-BBE6C49E4B18}.Release|Any CPU.ActiveCfg = Release|Any CPU
		{8BFEB84E-1549-45BC-A770-BBE6C49E4B18}.Release|Any CPU.Build.0 = Release|Any CPU
		{CB126EC8-7571-4BFE-BC9F-20932117293E}.Debug|Any CPU.ActiveCfg = Debug|Any CPU
		{CB126EC8-7571-4BFE-BC9F-20932117293E}.Debug|Any CPU.Build.0 = Debug|Any CPU
		{CB126EC8-7571-4BFE-BC9F-20932117293E}.Release|Any CPU.ActiveCfg = Release|Any CPU
		{CB126EC8-7571-4BFE-BC9F-20932117293E}.Release|Any CPU.Build.0 = Release|Any CPU
		{0CA12F7A-4EB6-4B97-8687-DF370D5EA92E}.Debug|Any CPU.ActiveCfg = Debug|Any CPU
		{0CA12F7A-4EB6-4B97-8687-DF370D5EA92E}.Debug|Any CPU.Build.0 = Debug|Any CPU
		{0CA12F7A-4EB6-4B97-8687-DF370D5EA92E}.Release|Any CPU.ActiveCfg = Release|Any CPU
		{0CA12F7A-4EB6-4B97-8687-DF370D5EA92E}.Release|Any CPU.Build.0 = Release|Any CPU
	EndGlobalSection
	GlobalSection(SolutionProperties) = preSolution
		HideSolutionNode = FALSE
	EndGlobalSection
	GlobalSection(NestedProjects) = preSolution
		{659BE0C5-CD78-41AA-B599-262FDFB4E7A7} = {5F181F7D-D25F-4E51-8705-8BC71C8CA50C}
		{38598573-1FF2-45FA-AABC-D4EC0C604280} = {5F181F7D-D25F-4E51-8705-8BC71C8CA50C}
		{F878CE27-E18E-4883-87CA-7B5D00B4733B} = {5F181F7D-D25F-4E51-8705-8BC71C8CA50C}
		{24586583-EA46-4317-A685-F8B6D3401DDD} = {A7FFFE72-4A24-4636-BD90-55AD1DE8C6BE}
		{F2981D43-3031-4C34-8A55-F0CE78426D33} = {A7FFFE72-4A24-4636-BD90-55AD1DE8C6BE}
		{438E8196-1DAE-4D13-94ED-78858D11AD3D} = {A7FFFE72-4A24-4636-BD90-55AD1DE8C6BE}
		{42646832-6AD2-4F44-ADDE-BA38442D38AB} = {E2285DCD-07A4-4F71-8A8D-8EA43D1900FA}
		{4EF0C801-3C3F-4515-AEC8-1816CCF41F62} = {E2285DCD-07A4-4F71-8A8D-8EA43D1900FA}
		{F7451D04-A1BB-4B67-B16E-2A96D8E7B2AA} = {E2285DCD-07A4-4F71-8A8D-8EA43D1900FA}
		{7D9B1F60-F186-47ED-A7D0-D028C1C806E2} = {952950B0-B364-4E66-B5EA-2BED6F43D5CC}
		{FF9F7A85-20E6-4445-93F1-D43CEB11977A} = {952950B0-B364-4E66-B5EA-2BED6F43D5CC}
		{FF8D581B-8C05-46F1-8138-E16168155E9E} = {952950B0-B364-4E66-B5EA-2BED6F43D5CC}
		{D09CA322-19A8-4847-AC6E-A199067FB3E1} = {C7E5B9A4-751F-4FAF-933C-1B5D6DCA19DF}
		{29EB4622-A63F-4598-9596-FF0EBE22D6C0} = {C7E5B9A4-751F-4FAF-933C-1B5D6DCA19DF}
		{1E0DB0CA-4CB9-49BE-BCAB-90CD06B15C72} = {C7E5B9A4-751F-4FAF-933C-1B5D6DCA19DF}
		{8BFEB84E-1549-45BC-A770-BBE6C49E4B18} = {02F3C32C-9C25-43BD-A12F-F297BD5CB809}
		{CB126EC8-7571-4BFE-BC9F-20932117293E} = {02F3C32C-9C25-43BD-A12F-F297BD5CB809}
		{0CA12F7A-4EB6-4B97-8687-DF370D5EA92E} = {02F3C32C-9C25-43BD-A12F-F297BD5CB809}
	EndGlobalSection
	GlobalSection(ExtensibilityGlobals) = postSolution
		SolutionGuid = {96A981CA-F7FB-4A2F-B127-3A7BC249BA17}
	EndGlobalSection
EndGlobal
